// !$*UTF8*$!
{
	archiveVersion = 1;
	classes = {
	};
	objectVersion = 56;
	objects = {

/* Begin PBXBuildFile section */
		53CB77D92B650E9C001C0F33 /* WebView.swift in Sources */ = {isa = PBXBuildFile; fileRef = 53CB77D62B650E9B001C0F33 /* WebView.swift */; };
		53CB77DB2B650E9C001C0F33 /* WebViewScreen.swift in Sources */ = {isa = PBXBuildFile; fileRef = 53CB77D82B650E9C001C0F33 /* WebViewScreen.swift */; };
		53F9AD582B6410A50058839F /* WebViewApp.swift in Sources */ = {isa = PBXBuildFile; fileRef = 53F9AD572B6410A50058839F /* WebViewApp.swift */; };
		53F9AD5C2B6410A70058839F /* Assets.xcassets in Resources */ = {isa = PBXBuildFile; fileRef = 53F9AD5B2B6410A70058839F /* Assets.xcassets */; };
		53F9AD5F2B6410A70058839F /* Preview Assets.xcassets in Resources */ = {isa = PBXBuildFile; fileRef = 53F9AD5E2B6410A70058839F /* Preview Assets.xcassets */; };
		53F9AD692B6410A80058839F /* WebViewAppTests.swift in Sources */ = {isa = PBXBuildFile; fileRef = 53F9AD682B6410A80058839F /* WebViewAppTests.swift */; };
		53F9AD732B6410A80058839F /* WebViewAppUITests.swift in Sources */ = {isa = PBXBuildFile; fileRef = 53F9AD722B6410A80058839F /* WebViewAppUITests.swift */; };
		53F9AD752B6410A80058839F /* WebViewAppUITestLaunchTests.swift in Sources */ = {isa = PBXBuildFile; fileRef = 53F9AD742B6410A80058839F /* WebViewAppUITestLaunchTests.swift */; };
		E91441A22B7D891A00130932 /* Constants.swift in Sources */ = {isa = PBXBuildFile; fileRef = E91441A12B7D891A00130932 /* Constants.swift */; };
		E91441A42B7E65F100130932 /* GoogleService-Info.plist in Resources */ = {isa = PBXBuildFile; fileRef = E91441A32B7E65F100130932 /* GoogleService-Info.plist */; };
		E91441A72B7E68E800130932 /* FirebaseAnalytics in Frameworks */ = {isa = PBXBuildFile; productRef = E91441A62B7E68E800130932 /* FirebaseAnalytics */; };
		E95569842B84FE8D0027EE44 /* NavigatorGeolocation.swift in Sources */ = {isa = PBXBuildFile; fileRef = E95569832B84FE8D0027EE44 /* NavigatorGeolocation.swift */; };
		E9F8E7092B8A0CC4001AAEEE /* FirebaseMessaging in Frameworks */ = {isa = PBXBuildFile; productRef = E9F8E7082B8A0CC4001AAEEE /* FirebaseMessaging */; };
		E9F8E70B2B8A0D90001AAEEE /* NotificationData.swift in Sources */ = {isa = PBXBuildFile; fileRef = E9F8E70A2B8A0D90001AAEEE /* NotificationData.swift */; };
		E9F8E70D2B8A0DB8001AAEEE /* FCMSender.swift in Sources */ = {isa = PBXBuildFile; fileRef = E9F8E70C2B8A0DB8001AAEEE /* FCMSender.swift */; };
/* End PBXBuildFile section */

/* Begin PBXContainerItemProxy section */
		53F9AD652B6410A80058839F /* PBXContainerItemProxy */ = {
			isa = PBXContainerItemProxy;
			containerPortal = 53F9AD4C2B6410A50058839F /* Project object */;
			proxyType = 1;
			remoteGlobalIDString = 53F9AD532B6410A50058839F;
			remoteInfo = WebViewApp;
		};
		53F9AD6F2B6410A80058839F /* PBXContainerItemProxy */ = {
			isa = PBXContainerItemProxy;
			containerPortal = 53F9AD4C2B6410A50058839F /* Project object */;
			proxyType = 1;
			remoteGlobalIDString = 53F9AD532B6410A50058839F;
			remoteInfo = WebViewApp;
		};
/* End PBXContainerItemProxy section */

/* Begin PBXFileReference section */
		53CB77D62B650E9B001C0F33 /* WebView.swift */ = {isa = PBXFileReference; fileEncoding = 4; lastKnownFileType = sourcecode.swift; path = WebView.swift; sourceTree = "<group>"; };
		53CB77D82B650E9C001C0F33 /* WebViewScreen.swift */ = {isa = PBXFileReference; fileEncoding = 4; lastKnownFileType = sourcecode.swift; path = WebViewScreen.swift; sourceTree = "<group>"; };
		53F9AD542B6410A50058839F /* WebViewApp.app */ = {isa = PBXFileReference; explicitFileType = wrapper.application; includeInIndex = 0; path = WebViewApp.app; sourceTree = BUILT_PRODUCTS_DIR; };
		53F9AD572B6410A50058839F /* WebViewApp.swift */ = {isa = PBXFileReference; lastKnownFileType = sourcecode.swift; path = WebViewApp.swift; sourceTree = "<group>"; };
		53F9AD5B2B6410A70058839F /* Assets.xcassets */ = {isa = PBXFileReference; lastKnownFileType = folder.assetcatalog; path = Assets.xcassets; sourceTree = "<group>"; };
		53F9AD5E2B6410A70058839F /* Preview Assets.xcassets */ = {isa = PBXFileReference; lastKnownFileType = folder.assetcatalog; path = "Preview Assets.xcassets"; sourceTree = "<group>"; };
		53F9AD642B6410A80058839F /* WebViewApp_Tests.xctest */ = {isa = PBXFileReference; explicitFileType = wrapper.cfbundle; includeInIndex = 0; path = WebViewApp_Tests.xctest; sourceTree = BUILT_PRODUCTS_DIR; };
		53F9AD682B6410A80058839F /* WebViewAppTests.swift */ = {isa = PBXFileReference; lastKnownFileType = sourcecode.swift; path = WebViewAppTests.swift; sourceTree = "<group>"; };
		53F9AD6E2B6410A80058839F /* WebViewApp_UITests.xctest */ = {isa = PBXFileReference; explicitFileType = wrapper.cfbundle; includeInIndex = 0; path = WebViewApp_UITests.xctest; sourceTree = BUILT_PRODUCTS_DIR; };
		53F9AD722B6410A80058839F /* WebViewAppUITests.swift */ = {isa = PBXFileReference; lastKnownFileType = sourcecode.swift; path = WebViewAppUITests.swift; sourceTree = "<group>"; };
		53F9AD742B6410A80058839F /* WebViewAppUITestLaunchTests.swift */ = {isa = PBXFileReference; lastKnownFileType = sourcecode.swift; path = WebViewAppUITestLaunchTests.swift; sourceTree = "<group>"; };
		E9005C6A2B8C6A140052C09C /* WebViewApp.entitlements */ = {isa = PBXFileReference; lastKnownFileType = text.plist.entitlements; path = WebViewApp.entitlements; sourceTree = "<group>"; };
		E91441A12B7D891A00130932 /* Constants.swift */ = {isa = PBXFileReference; lastKnownFileType = sourcecode.swift; path = Constants.swift; sourceTree = "<group>"; };
		E91441A32B7E65F100130932 /* GoogleService-Info.plist */ = {isa = PBXFileReference; fileEncoding = 4; lastKnownFileType = text.plist.xml; name = "GoogleService-Info.plist"; path = "../../../../../Downloads/GoogleService-Info.plist"; sourceTree = "<group>"; };
		E95569832B84FE8D0027EE44 /* NavigatorGeolocation.swift */ = {isa = PBXFileReference; lastKnownFileType = sourcecode.swift; path = NavigatorGeolocation.swift; sourceTree = "<group>"; };
		E9F8E70A2B8A0D90001AAEEE /* NotificationData.swift */ = {isa = PBXFileReference; lastKnownFileType = sourcecode.swift; path = NotificationData.swift; sourceTree = "<group>"; };
		E9F8E70C2B8A0DB8001AAEEE /* FCMSender.swift */ = {isa = PBXFileReference; lastKnownFileType = sourcecode.swift; path = FCMSender.swift; sourceTree = "<group>"; };
/* End PBXFileReference section */

/* Begin PBXFrameworksBuildPhase section */
		53F9AD512B6410A50058839F /* Frameworks */ = {
			isa = PBXFrameworksBuildPhase;
			buildActionMask = 2147483647;
			files = (
				E9F8E7092B8A0CC4001AAEEE /* FirebaseMessaging in Frameworks */,
				E91441A72B7E68E800130932 /* FirebaseAnalytics in Frameworks */,
			);
			runOnlyForDeploymentPostprocessing = 0;
		};
		53F9AD612B6410A80058839F /* Frameworks */ = {
			isa = PBXFrameworksBuildPhase;
			buildActionMask = 2147483647;
			files = (
			);
			runOnlyForDeploymentPostprocessing = 0;
		};
		53F9AD6B2B6410A80058839F /* Frameworks */ = {
			isa = PBXFrameworksBuildPhase;
			buildActionMask = 2147483647;
			files = (
			);
			runOnlyForDeploymentPostprocessing = 0;
		};
/* End PBXFrameworksBuildPhase section */

/* Begin PBXGroup section */
		53F9AD4B2B6410A50058839F = {
			isa = PBXGroup;
			children = (
				53F9AD562B6410A50058839F /* WebViewApp */,
				53F9AD672B6410A80058839F /* WebViewApp_Tests */,
				53F9AD712B6410A80058839F /* WebViewApp_UITests */,
				53F9AD552B6410A50058839F /* Products */,
			);
			sourceTree = "<group>";
		};
		53F9AD552B6410A50058839F /* Products */ = {
			isa = PBXGroup;
			children = (
				53F9AD542B6410A50058839F /* WebViewApp.app */,
				53F9AD642B6410A80058839F /* WebViewApp_Tests.xctest */,
				53F9AD6E2B6410A80058839F /* WebViewApp_UITests.xctest */,
			);
			name = Products;
			sourceTree = "<group>";
		};
		53F9AD562B6410A50058839F /* WebViewApp */ = {
			isa = PBXGroup;
			children = (
				E9005C6A2B8C6A140052C09C /* WebViewApp.entitlements */,
				E91441A32B7E65F100130932 /* GoogleService-Info.plist */,
				E91441A12B7D891A00130932 /* Constants.swift */,
				53CB77D62B650E9B001C0F33 /* WebView.swift */,
				E95569832B84FE8D0027EE44 /* NavigatorGeolocation.swift */,
				53CB77D82B650E9C001C0F33 /* WebViewScreen.swift */,
				53F9AD572B6410A50058839F /* WebViewApp.swift */,
				53F9AD5B2B6410A70058839F /* Assets.xcassets */,
				53F9AD5D2B6410A70058839F /* Preview Content */,
				E9F8E70A2B8A0D90001AAEEE /* NotificationData.swift */,
				E9F8E70C2B8A0DB8001AAEEE /* FCMSender.swift */,
			);
			path = WebViewApp;
			sourceTree = "<group>";
		};
		53F9AD5D2B6410A70058839F /* Preview Content */ = {
			isa = PBXGroup;
			children = (
				53F9AD5E2B6410A70058839F /* Preview Assets.xcassets */,
			);
			path = "Preview Content";
			sourceTree = "<group>";
		};
		53F9AD672B6410A80058839F /* WebViewApp_Tests */ = {
			isa = PBXGroup;
			children = (
				53F9AD682B6410A80058839F /* WebViewAppTests.swift */,
			);
			path = WebViewApp_Tests;
			sourceTree = "<group>";
		};
		53F9AD712B6410A80058839F /* WebViewApp_UITests */ = {
			isa = PBXGroup;
			children = (
				53F9AD722B6410A80058839F /* WebViewAppUITests.swift */,
				53F9AD742B6410A80058839F /* WebViewAppUITestLaunchTests.swift */,
			);
			path = WebViewApp_UITests;
			sourceTree = "<group>";
		};
/* End PBXGroup section */

/* Begin PBXNativeTarget section */
		53F9AD532B6410A50058839F /* WebViewApp */ = {
			isa = PBXNativeTarget;
			buildConfigurationList = 53F9AD782B6410A80058839F /* Build configuration list for PBXNativeTarget "WebViewApp" */;
			buildPhases = (
				53F9AD502B6410A50058839F /* Sources */,
				53F9AD512B6410A50058839F /* Frameworks */,
				53F9AD522B6410A50058839F /* Resources */,
			);
			buildRules = (
			);
			dependencies = (
			);
			name = WebViewApp;
			packageProductDependencies = (
				E91441A62B7E68E800130932 /* FirebaseAnalytics */,
				E9F8E7082B8A0CC4001AAEEE /* FirebaseMessaging */,
			);
			productName = WebViewApp;
			productReference = 53F9AD542B6410A50058839F /* WebViewApp.app */;
			productType = "com.apple.product-type.application";
		};
		53F9AD632B6410A80058839F /* WebViewApp_Tests */ = {
			isa = PBXNativeTarget;
			buildConfigurationList = 53F9AD7B2B6410A80058839F /* Build configuration list for PBXNativeTarget "WebViewApp_Tests" */;
			buildPhases = (
				53F9AD602B6410A80058839F /* Sources */,
				53F9AD612B6410A80058839F /* Frameworks */,
				53F9AD622B6410A80058839F /* Resources */,
			);
			buildRules = (
			);
			dependencies = (
				53F9AD662B6410A80058839F /* PBXTargetDependency */,
			);
			name = WebViewApp_Tests;
			productName = WebViewApp_Tests;
			productReference = 53F9AD642B6410A80058839F /* WebViewApp_Tests.xctest */;
			productType = "com.apple.product-type.bundle.unit-test";
		};
		53F9AD6D2B6410A80058839F /* WebViewApp_UITests */ = {
			isa = PBXNativeTarget;
			buildConfigurationList = 53F9AD7E2B6410A80058839F /* Build configuration list for PBXNativeTarget "WebViewApp_UITests" */;
			buildPhases = (
				53F9AD6A2B6410A80058839F /* Sources */,
				53F9AD6B2B6410A80058839F /* Frameworks */,
				53F9AD6C2B6410A80058839F /* Resources */,
			);
			buildRules = (
			);
			dependencies = (
				53F9AD702B6410A80058839F /* PBXTargetDependency */,
			);
			name = WebViewApp_UITests;
			productName = WebViewApp_UITests;
			productReference = 53F9AD6E2B6410A80058839F /* WebViewApp_UITests.xctest */;
			productType = "com.apple.product-type.bundle.ui-testing";
		};
/* End PBXNativeTarget section */

/* Begin PBXProject section */
		53F9AD4C2B6410A50058839F /* Project object */ = {
			isa = PBXProject;
			attributes = {
				BuildIndependentTargetsInParallel = 1;
				LastSwiftUpdateCheck = 1500;
				LastUpgradeCheck = 1500;
				TargetAttributes = {
					53F9AD532B6410A50058839F = {
						CreatedOnToolsVersion = 15.0;
					};
					53F9AD632B6410A80058839F = {
						CreatedOnToolsVersion = 15.0;
						TestTargetID = 53F9AD532B6410A50058839F;
					};
					53F9AD6D2B6410A80058839F = {
						CreatedOnToolsVersion = 15.0;
						TestTargetID = 53F9AD532B6410A50058839F;
					};
				};
			};
			buildConfigurationList = 53F9AD4F2B6410A50058839F /* Build configuration list for PBXProject "WebViewApp" */;
			compatibilityVersion = "Xcode 14.0";
			developmentRegion = en;
			hasScannedForEncodings = 0;
			knownRegions = (
				en,
				Base,
			);
			mainGroup = 53F9AD4B2B6410A50058839F;
			packageReferences = (
				E91441A52B7E68E700130932 /* XCRemoteSwiftPackageReference "firebase-ios-sdk" */,
			);
			productRefGroup = 53F9AD552B6410A50058839F /* Products */;
			projectDirPath = "";
			projectRoot = "";
			targets = (
				53F9AD532B6410A50058839F /* WebViewApp */,
				53F9AD632B6410A80058839F /* WebViewApp_Tests */,
				53F9AD6D2B6410A80058839F /* WebViewApp_UITests */,
			);
		};
/* End PBXProject section */

/* Begin PBXResourcesBuildPhase section */
		53F9AD522B6410A50058839F /* Resources */ = {
			isa = PBXResourcesBuildPhase;
			buildActionMask = 2147483647;
			files = (
				53F9AD5F2B6410A70058839F /* Preview Assets.xcassets in Resources */,
				53F9AD5C2B6410A70058839F /* Assets.xcassets in Resources */,
				E91441A42B7E65F100130932 /* GoogleService-Info.plist in Resources */,
			);
			runOnlyForDeploymentPostprocessing = 0;
		};
		53F9AD622B6410A80058839F /* Resources */ = {
			isa = PBXResourcesBuildPhase;
			buildActionMask = 2147483647;
			files = (
			);
			runOnlyForDeploymentPostprocessing = 0;
		};
		53F9AD6C2B6410A80058839F /* Resources */ = {
			isa = PBXResourcesBuildPhase;
			buildActionMask = 2147483647;
			files = (
			);
			runOnlyForDeploymentPostprocessing = 0;
		};
/* End PBXResourcesBuildPhase section */

/* Begin PBXSourcesBuildPhase section */
		53F9AD502B6410A50058839F /* Sources */ = {
			isa = PBXSourcesBuildPhase;
			buildActionMask = 2147483647;
			files = (
				E91441A22B7D891A00130932 /* Constants.swift in Sources */,
				E9F8E70D2B8A0DB8001AAEEE /* FCMSender.swift in Sources */,
				53F9AD582B6410A50058839F /* WebViewApp.swift in Sources */,
				E95569842B84FE8D0027EE44 /* NavigatorGeolocation.swift in Sources */,
				53CB77D92B650E9C001C0F33 /* WebView.swift in Sources */,
				53CB77DB2B650E9C001C0F33 /* WebViewScreen.swift in Sources */,
				E9F8E70B2B8A0D90001AAEEE /* NotificationData.swift in Sources */,
			);
			runOnlyForDeploymentPostprocessing = 0;
		};
		53F9AD602B6410A80058839F /* Sources */ = {
			isa = PBXSourcesBuildPhase;
			buildActionMask = 2147483647;
			files = (
				53F9AD692B6410A80058839F /* WebViewAppTests.swift in Sources */,
			);
			runOnlyForDeploymentPostprocessing = 0;
		};
		53F9AD6A2B6410A80058839F /* Sources */ = {
			isa = PBXSourcesBuildPhase;
			buildActionMask = 2147483647;
			files = (
				53F9AD752B6410A80058839F /* WebViewAppUITestLaunchTests.swift in Sources */,
				53F9AD732B6410A80058839F /* WebViewAppUITests.swift in Sources */,
			);
			runOnlyForDeploymentPostprocessing = 0;
		};
/* End PBXSourcesBuildPhase section */

/* Begin PBXTargetDependency section */
		53F9AD662B6410A80058839F /* PBXTargetDependency */ = {
			isa = PBXTargetDependency;
			target = 53F9AD532B6410A50058839F /* WebViewApp */;
			targetProxy = 53F9AD652B6410A80058839F /* PBXContainerItemProxy */;
		};
		53F9AD702B6410A80058839F /* PBXTargetDependency */ = {
			isa = PBXTargetDependency;
			target = 53F9AD532B6410A50058839F /* WebViewApp */;
			targetProxy = 53F9AD6F2B6410A80058839F /* PBXContainerItemProxy */;
		};
/* End PBXTargetDependency section */

/* Begin XCBuildConfiguration section */
		53F9AD762B6410A80058839F /* Debug */ = {
			isa = XCBuildConfiguration;
			buildSettings = {
				ALWAYS_SEARCH_USER_PATHS = NO;
				ASSETCATALOG_COMPILER_GENERATE_SWIFT_ASSET_SYMBOL_EXTENSIONS = YES;
				CLANG_ANALYZER_NONNULL = YES;
				CLANG_ANALYZER_NUMBER_OBJECT_CONVERSION = YES_AGGRESSIVE;
				CLANG_CXX_LANGUAGE_STANDARD = "gnu++20";
				CLANG_ENABLE_MODULES = YES;
				CLANG_ENABLE_OBJC_ARC = YES;
				CLANG_ENABLE_OBJC_WEAK = YES;
				CLANG_WARN_BLOCK_CAPTURE_AUTORELEASING = YES;
				CLANG_WARN_BOOL_CONVERSION = YES;
				CLANG_WARN_COMMA = YES;
				CLANG_WARN_CONSTANT_CONVERSION = YES;
				CLANG_WARN_DEPRECATED_OBJC_IMPLEMENTATIONS = YES;
				CLANG_WARN_DIRECT_OBJC_ISA_USAGE = YES_ERROR;
				CLANG_WARN_DOCUMENTATION_COMMENTS = YES;
				CLANG_WARN_EMPTY_BODY = YES;
				CLANG_WARN_ENUM_CONVERSION = YES;
				CLANG_WARN_INFINITE_RECURSION = YES;
				CLANG_WARN_INT_CONVERSION = YES;
				CLANG_WARN_NON_LITERAL_NULL_CONVERSION = YES;
				CLANG_WARN_OBJC_IMPLICIT_RETAIN_SELF = YES;
				CLANG_WARN_OBJC_LITERAL_CONVERSION = YES;
				CLANG_WARN_OBJC_ROOT_CLASS = YES_ERROR;
				CLANG_WARN_QUOTED_INCLUDE_IN_FRAMEWORK_HEADER = YES;
				CLANG_WARN_RANGE_LOOP_ANALYSIS = YES;
				CLANG_WARN_STRICT_PROTOTYPES = YES;
				CLANG_WARN_SUSPICIOUS_MOVE = YES;
				CLANG_WARN_UNGUARDED_AVAILABILITY = YES_AGGRESSIVE;
				CLANG_WARN_UNREACHABLE_CODE = YES;
				CLANG_WARN__DUPLICATE_METHOD_MATCH = YES;
				COPY_PHASE_STRIP = NO;
				DEBUG_INFORMATION_FORMAT = dwarf;
				ENABLE_STRICT_OBJC_MSGSEND = YES;
				ENABLE_TESTABILITY = YES;
				ENABLE_USER_SCRIPT_SANDBOXING = YES;
				GCC_C_LANGUAGE_STANDARD = gnu17;
				GCC_DYNAMIC_NO_PIC = NO;
				GCC_NO_COMMON_BLOCKS = YES;
				GCC_OPTIMIZATION_LEVEL = 0;
				GCC_PREPROCESSOR_DEFINITIONS = (
					"DEBUG=1",
					"$(inherited)",
				);
				GCC_WARN_64_TO_32_BIT_CONVERSION = YES;
				GCC_WARN_ABOUT_RETURN_TYPE = YES_ERROR;
				GCC_WARN_UNDECLARED_SELECTOR = YES;
				GCC_WARN_UNINITIALIZED_AUTOS = YES_AGGRESSIVE;
				GCC_WARN_UNUSED_FUNCTION = YES;
				GCC_WARN_UNUSED_VARIABLE = YES;
				"INFOPLIST_FILE[sdk=*]" = info.plist;
				IPHONEOS_DEPLOYMENT_TARGET = 17.0;
				LOCALIZATION_PREFERS_STRING_CATALOGS = YES;
				MTL_ENABLE_DEBUG_INFO = INCLUDE_SOURCE;
				MTL_FAST_MATH = YES;
				ONLY_ACTIVE_ARCH = YES;
				SDKROOT = iphoneos;
				SWIFT_ACTIVE_COMPILATION_CONDITIONS = "DEBUG $(inherited)";
				SWIFT_OPTIMIZATION_LEVEL = "-Onone";
			};
			name = Debug;
		};
		53F9AD772B6410A80058839F /* Release */ = {
			isa = XCBuildConfiguration;
			buildSettings = {
				ALWAYS_SEARCH_USER_PATHS = NO;
				ASSETCATALOG_COMPILER_GENERATE_SWIFT_ASSET_SYMBOL_EXTENSIONS = YES;
				CLANG_ANALYZER_NONNULL = YES;
				CLANG_ANALYZER_NUMBER_OBJECT_CONVERSION = YES_AGGRESSIVE;
				CLANG_CXX_LANGUAGE_STANDARD = "gnu++20";
				CLANG_ENABLE_MODULES = YES;
				CLANG_ENABLE_OBJC_ARC = YES;
				CLANG_ENABLE_OBJC_WEAK = YES;
				CLANG_WARN_BLOCK_CAPTURE_AUTORELEASING = YES;
				CLANG_WARN_BOOL_CONVERSION = YES;
				CLANG_WARN_COMMA = YES;
				CLANG_WARN_CONSTANT_CONVERSION = YES;
				CLANG_WARN_DEPRECATED_OBJC_IMPLEMENTATIONS = YES;
				CLANG_WARN_DIRECT_OBJC_ISA_USAGE = YES_ERROR;
				CLANG_WARN_DOCUMENTATION_COMMENTS = YES;
				CLANG_WARN_EMPTY_BODY = YES;
				CLANG_WARN_ENUM_CONVERSION = YES;
				CLANG_WARN_INFINITE_RECURSION = YES;
				CLANG_WARN_INT_CONVERSION = YES;
				CLANG_WARN_NON_LITERAL_NULL_CONVERSION = YES;
				CLANG_WARN_OBJC_IMPLICIT_RETAIN_SELF = YES;
				CLANG_WARN_OBJC_LITERAL_CONVERSION = YES;
				CLANG_WARN_OBJC_ROOT_CLASS = YES_ERROR;
				CLANG_WARN_QUOTED_INCLUDE_IN_FRAMEWORK_HEADER = YES;
				CLANG_WARN_RANGE_LOOP_ANALYSIS = YES;
				CLANG_WARN_STRICT_PROTOTYPES = YES;
				CLANG_WARN_SUSPICIOUS_MOVE = YES;
				CLANG_WARN_UNGUARDED_AVAILABILITY = YES_AGGRESSIVE;
				CLANG_WARN_UNREACHABLE_CODE = YES;
				CLANG_WARN__DUPLICATE_METHOD_MATCH = YES;
				COPY_PHASE_STRIP = NO;
				DEBUG_INFORMATION_FORMAT = "dwarf-with-dsym";
				ENABLE_NS_ASSERTIONS = NO;
				ENABLE_STRICT_OBJC_MSGSEND = YES;
				ENABLE_USER_SCRIPT_SANDBOXING = YES;
				GCC_C_LANGUAGE_STANDARD = gnu17;
				GCC_NO_COMMON_BLOCKS = YES;
				GCC_WARN_64_TO_32_BIT_CONVERSION = YES;
				GCC_WARN_ABOUT_RETURN_TYPE = YES_ERROR;
				GCC_WARN_UNDECLARED_SELECTOR = YES;
				GCC_WARN_UNINITIALIZED_AUTOS = YES_AGGRESSIVE;
				GCC_WARN_UNUSED_FUNCTION = YES;
				GCC_WARN_UNUSED_VARIABLE = YES;
				"INFOPLIST_FILE[sdk=*]" = info.plist;
				IPHONEOS_DEPLOYMENT_TARGET = 17.0;
				LOCALIZATION_PREFERS_STRING_CATALOGS = YES;
				MTL_ENABLE_DEBUG_INFO = NO;
				MTL_FAST_MATH = YES;
				SDKROOT = iphoneos;
				SWIFT_COMPILATION_MODE = wholemodule;
				VALIDATE_PRODUCT = YES;
			};
			name = Release;
		};
		53F9AD792B6410A80058839F /* Debug */ = {
			isa = XCBuildConfiguration;
			buildSettings = {
				ASSETCATALOG_COMPILER_APPICON_NAME = AppIcon;
				ASSETCATALOG_COMPILER_GLOBAL_ACCENT_COLOR_NAME = AccentColor;
				CODE_SIGN_ENTITLEMENTS = WebViewApp/WebViewApp.entitlements;
				CODE_SIGN_STYLE = Automatic;
				CURRENT_PROJECT_VERSION = 1;
				DEVELOPMENT_ASSET_PATHS = "\"WebViewApp/Preview Content\"";
				DEVELOPMENT_TEAM = 5M6ZW6AV44;
				ENABLE_PREVIEWS = YES;
				GENERATE_INFOPLIST_FILE = YES;
				INFOPLIST_KEY_NSLocationWhenInUseUsageDescription = "We need location permission to access your location.";
				INFOPLIST_KEY_UIApplicationSceneManifest_Generation = YES;
				INFOPLIST_KEY_UIApplicationSupportsIndirectInputEvents = YES;
				INFOPLIST_KEY_UILaunchScreen_Generation = YES;
				INFOPLIST_KEY_UISupportedInterfaceOrientations_iPad = "UIInterfaceOrientationPortrait UIInterfaceOrientationPortraitUpsideDown UIInterfaceOrientationLandscapeLeft UIInterfaceOrientationLandscapeRight";
				INFOPLIST_KEY_UISupportedInterfaceOrientations_iPhone = "UIInterfaceOrientationPortrait UIInterfaceOrientationLandscapeLeft UIInterfaceOrientationLandscapeRight";
				LD_RUNPATH_SEARCH_PATHS = (
					"$(inherited)",
					"@executable_path/Frameworks",
				);
				MARKETING_VERSION = 1.0;
				PRODUCT_BUNDLE_IDENTIFIER = "example.webview-app";
				PRODUCT_NAME = "$(TARGET_NAME)";
				SWIFT_EMIT_LOC_STRINGS = YES;
				SWIFT_VERSION = 5.0;
				TARGETED_DEVICE_FAMILY = "1,2";
			};
			name = Debug;
		};
		53F9AD7A2B6410A80058839F /* Release */ = {
			isa = XCBuildConfiguration;
			buildSettings = {
				ASSETCATALOG_COMPILER_APPICON_NAME = AppIcon;
				ASSETCATALOG_COMPILER_GLOBAL_ACCENT_COLOR_NAME = AccentColor;
				CODE_SIGN_ENTITLEMENTS = WebViewApp/WebViewApp.entitlements;
				CODE_SIGN_STYLE = Automatic;
				CURRENT_PROJECT_VERSION = 1;
				DEVELOPMENT_ASSET_PATHS = "\"WebViewApp/Preview Content\"";
				DEVELOPMENT_TEAM = 5M6ZW6AV44;
				ENABLE_PREVIEWS = YES;
				GENERATE_INFOPLIST_FILE = YES;
				INFOPLIST_KEY_NSLocationWhenInUseUsageDescription = "We need location permission to access your location.";
				INFOPLIST_KEY_UIApplicationSceneManifest_Generation = YES;
				INFOPLIST_KEY_UIApplicationSupportsIndirectInputEvents = YES;
				INFOPLIST_KEY_UILaunchScreen_Generation = YES;
				INFOPLIST_KEY_UISupportedInterfaceOrientations_iPad = "UIInterfaceOrientationPortrait UIInterfaceOrientationPortraitUpsideDown UIInterfaceOrientationLandscapeLeft UIInterfaceOrientationLandscapeRight";
				INFOPLIST_KEY_UISupportedInterfaceOrientations_iPhone = "UIInterfaceOrientationPortrait UIInterfaceOrientationLandscapeLeft UIInterfaceOrientationLandscapeRight";
				LD_RUNPATH_SEARCH_PATHS = (
					"$(inherited)",
					"@executable_path/Frameworks",
				);
				MARKETING_VERSION = 1.0;
				PRODUCT_BUNDLE_IDENTIFIER = "example.webview-app";
				PRODUCT_NAME = "$(TARGET_NAME)";
				SWIFT_EMIT_LOC_STRINGS = YES;
				SWIFT_VERSION = 5.0;
				TARGETED_DEVICE_FAMILY = "1,2";
			};
			name = Release;
		};
		53F9AD7C2B6410A80058839F /* Debug */ = {
			isa = XCBuildConfiguration;
			buildSettings = {
				ALWAYS_EMBED_SWIFT_STANDARD_LIBRARIES = YES;
				BUNDLE_LOADER = "$(TEST_HOST)";
				CODE_SIGN_STYLE = Automatic;
				CURRENT_PROJECT_VERSION = 1;
				DEVELOPMENT_TEAM = 5M6ZW6AV44;
				GENERATE_INFOPLIST_FILE = YES;
				IPHONEOS_DEPLOYMENT_TARGET = 17.0;
				MARKETING_VERSION = 1.0;
				PRODUCT_BUNDLE_IDENTIFIER = "atifqamar.ios-appTests";
				PRODUCT_NAME = "$(TARGET_NAME)";
				SWIFT_EMIT_LOC_STRINGS = NO;
				SWIFT_VERSION = 5.0;
				TARGETED_DEVICE_FAMILY = "1,2";
				TEST_HOST = "$(BUILT_PRODUCTS_DIR)/WebViewApp.app/$(BUNDLE_EXECUTABLE_FOLDER_PATH)/WebViewApp";
			};
			name = Debug;
		};
		53F9AD7D2B6410A80058839F /* Release */ = {
			isa = XCBuildConfiguration;
			buildSettings = {
				ALWAYS_EMBED_SWIFT_STANDARD_LIBRARIES = YES;
				BUNDLE_LOADER = "$(TEST_HOST)";
				CODE_SIGN_STYLE = Automatic;
				CURRENT_PROJECT_VERSION = 1;
				DEVELOPMENT_TEAM = 5M6ZW6AV44;
				GENERATE_INFOPLIST_FILE = YES;
				IPHONEOS_DEPLOYMENT_TARGET = 17.0;
				MARKETING_VERSION = 1.0;
				PRODUCT_BUNDLE_IDENTIFIER = "atifqamar.ios-appTests";
				PRODUCT_NAME = "$(TARGET_NAME)";
				SWIFT_EMIT_LOC_STRINGS = NO;
				SWIFT_VERSION = 5.0;
				TARGETED_DEVICE_FAMILY = "1,2";
				TEST_HOST = "$(BUILT_PRODUCTS_DIR)/WebViewApp.app/$(BUNDLE_EXECUTABLE_FOLDER_PATH)/WebViewApp";
			};
			name = Release;
		};
		53F9AD7F2B6410A80058839F /* Debug */ = {
			isa = XCBuildConfiguration;
			buildSettings = {
				ALWAYS_EMBED_SWIFT_STANDARD_LIBRARIES = YES;
				CODE_SIGN_STYLE = Automatic;
				CURRENT_PROJECT_VERSION = 1;
				DEVELOPMENT_TEAM = 5M6ZW6AV44;
				GENERATE_INFOPLIST_FILE = YES;
				MARKETING_VERSION = 1.0;
				PRODUCT_BUNDLE_IDENTIFIER = "atifqamar.ios-appUITests";
				PRODUCT_NAME = "$(TARGET_NAME)";
				SWIFT_EMIT_LOC_STRINGS = NO;
				SWIFT_VERSION = 5.0;
				TARGETED_DEVICE_FAMILY = "1,2";
				TEST_TARGET_NAME = WebViewApp;
			};
			name = Debug;
		};
		53F9AD802B6410A80058839F /* Release */ = {
			isa = XCBuildConfiguration;
			buildSettings = {
				ALWAYS_EMBED_SWIFT_STANDARD_LIBRARIES = YES;
				CODE_SIGN_STYLE = Automatic;
				CURRENT_PROJECT_VERSION = 1;
				DEVELOPMENT_TEAM = 5M6ZW6AV44;
				GENERATE_INFOPLIST_FILE = YES;
				MARKETING_VERSION = 1.0;
				PRODUCT_BUNDLE_IDENTIFIER = "atifqamar.ios-appUITests";
				PRODUCT_NAME = "$(TARGET_NAME)";
				SWIFT_EMIT_LOC_STRINGS = NO;
				SWIFT_VERSION = 5.0;
				TARGETED_DEVICE_FAMILY = "1,2";
				TEST_TARGET_NAME = WebViewApp;
			};
			name = Release;
		};
/* End XCBuildConfiguration section */

/* Begin XCConfigurationList section */
		53F9AD4F2B6410A50058839F /* Build configuration list for PBXProject "WebViewApp" */ = {
			isa = XCConfigurationList;
			buildConfigurations = (
				53F9AD762B6410A80058839F /* Debug */,
				53F9AD772B6410A80058839F /* Release */,
			);
			defaultConfigurationIsVisible = 0;
			defaultConfigurationName = Release;
		};
		53F9AD782B6410A80058839F /* Build configuration list for PBXNativeTarget "WebViewApp" */ = {
			isa = XCConfigurationList;
			buildConfigurations = (
				53F9AD792B6410A80058839F /* Debug */,
				53F9AD7A2B6410A80058839F /* Release */,
			);
			defaultConfigurationIsVisible = 0;
			defaultConfigurationName = Release;
		};
		53F9AD7B2B6410A80058839F /* Build configuration list for PBXNativeTarget "WebViewApp_Tests" */ = {
			isa = XCConfigurationList;
			buildConfigurations = (
				53F9AD7C2B6410A80058839F /* Debug */,
				53F9AD7D2B6410A80058839F /* Release */,
			);
			defaultConfigurationIsVisible = 0;
			defaultConfigurationName = Release;
		};
		53F9AD7E2B6410A80058839F /* Build configuration list for PBXNativeTarget "WebViewApp_UITests" */ = {
			isa = XCConfigurationList;
			buildConfigurations = (
				53F9AD7F2B6410A80058839F /* Debug */,
				53F9AD802B6410A80058839F /* Release */,
			);
			defaultConfigurationIsVisible = 0;
			defaultConfigurationName = Release;
		};
/* End XCConfigurationList section */

/* Begin XCRemoteSwiftPackageReference section */
		E91441A52B7E68E700130932 /* XCRemoteSwiftPackageReference "firebase-ios-sdk" */ = {
			isa = XCRemoteSwiftPackageReference;
			repositoryURL = "https://github.com/firebase/firebase-ios-sdk";
			requirement = {
				kind = upToNextMajorVersion;
				minimumVersion = 10.21.0;
			};
		};
/* End XCRemoteSwiftPackageReference section */

/* Begin XCSwiftPackageProductDependency section */
		E91441A62B7E68E800130932 /* FirebaseAnalytics */ = {
			isa = XCSwiftPackageProductDependency;
			package = E91441A52B7E68E700130932 /* XCRemoteSwiftPackageReference "firebase-ios-sdk" */;
			productName = FirebaseAnalytics;
		};
		E9F8E7082B8A0CC4001AAEEE /* FirebaseMessaging */ = {
			isa = XCSwiftPackageProductDependency;
			package = E91441A52B7E68E700130932 /* XCRemoteSwiftPackageReference "firebase-ios-sdk" */;
			productName = FirebaseMessaging;
		};
/* End XCSwiftPackageProductDependency section */
	};
	rootObject = 53F9AD4C2B6410A50058839F /* Project object */;
}
